
Microsoft Visual Studio Solution File, Format Version 12.00
# Visual Studio 2015
Project("{FAE04EC0-301F-11D3-BF4B-00C04F79EFBC}") = "swipe.CSharp", "swipe.CSharp.csproj", "{E493AF7E-A860-FD2F-D98E-DFFBF16973F2}"
EndProject
Global
	GlobalSection(SolutionConfigurationPlatforms) = preSolution
		Debug|Any CPU = Debug|Any CPU
		Release|Any CPU = Release|Any CPU
	EndGlobalSection
	GlobalSection(ProjectConfigurationPlatforms) = postSolution
		{E493AF7E-A860-FD2F-D98E-DFFBF16973F2}.Debug|Any CPU.ActiveCfg = Debug|Any CPU
		{E493AF7E-A860-FD2F-D98E-DFFBF16973F2}.Debug|Any CPU.Build.0 = Debug|Any CPU
		{E493AF7E-A860-FD2F-D98E-DFFBF16973F2}.Release|Any CPU.ActiveCfg = Release|Any CPU
		{E493AF7E-A860-FD2F-D98E-DFFBF16973F2}.Release|Any CPU.Build.0 = Release|Any CPU
	EndGlobalSection
	GlobalSection(SolutionProperties) = preSolution
		HideSolutionNode = FALSE
	EndGlobalSection
EndGlobal
